Microsoft Visual Studio Solution File, Format Version 12.00
# Visual Studio Version 17
VisualStudioVersion = 17.5.2.0
MinimumVisualStudioVersion = 10.0.40219.1
Project("{FAE04EC0-301F-11D3-BF4B-00C04F79EFBC}") = "CoffeeOrder", "CoffeeOrder.csproj", "{A25EB72C-41F5-C277-E6A8-40873EA27656}"
EndProject
Global
	GlobalSection(SolutionConfigurationPlatforms) = preSolution
		Debug|Any CPU = Debug|Any CPU
		Release|Any CPU = Release|Any CPU
	EndGlobalSection
	GlobalSection(ProjectConfigurationPlatforms) = postSolution
		{A25EB72C-41F5-C277-E6A8-40873EA27656}.Debug|Any CPU.ActiveCfg = Debug|Any CPU
		{A25EB72C-41F5-C277-E6A8-40873EA27656}.Debug|Any CPU.Build.0 = Debug|Any CPU
		{A25EB72C-41F5-C277-E6A8-40873EA27656}.Release|Any CPU.ActiveCfg = Release|Any CPU
		{A25EB72C-41F5-C277-E6A8-40873EA27656}.Release|Any CPU.Build.0 = Release|Any CPU
	EndGlobalSection
	GlobalSection(SolutionProperties) = preSolution
		HideSolutionNode = FALSE
	EndGlobalSection
	GlobalSection(ExtensibilityGlobals) = postSolution
		SolutionGuid = {74BCE5C9-7486-4726-B828-2F25C463C54F}
	EndGlobalSection
EndGlobal
